
Microsoft Visual Studio Solution File, Format Version 12.00
# Visual Studio Version 16
VisualStudioVersion = 16.0.30503.244
MinimumVisualStudioVersion = 10.0.40219.1
Project("{9A19103F-16F7-4668-BE54-9A1E7A4F7556}") = "BlazorServerDemoApp", "BlazorServerDemoApp\BlazorServerDemoApp.csproj", "{D77DFAC6-FF3F-4EF3-9CD8-B82B74D1D8A6}"
EndProject
Global
	GlobalSection(SolutionConfigurationPlatforms) = preSolution
		Debug|Any CPU = Debug|Any CPU
		Release|Any CPU = Release|Any CPU
	EndGlobalSection
	GlobalSection(ProjectConfigurationPlatforms) = postSolution
		{D77DFAC6-FF3F-4EF3-9CD8-B82B74D1D8A6}.Debug|Any CPU.ActiveCfg = Debug|Any CPU
		{D77DFAC6-FF3F-4EF3-9CD8-B82B74D1D8A6}.Debug|Any CPU.Build.0 = Debug|Any CPU
		{D77DFAC6-FF3F-4EF3-9CD8-B82B74D1D8A6}.Release|Any CPU.ActiveCfg = Release|Any CPU
		{D77DFAC6-FF3F-4EF3-9CD8-B82B74D1D8A6}.Release|Any CPU.Build.0 = Release|Any CPU
	EndGlobalSection
	GlobalSection(SolutionProperties) = preSolution
		HideSolutionNode = FALSE
	EndGlobalSection
	GlobalSection(ExtensibilityGlobals) = postSolution
		SolutionGuid = {0E365C12-326C-45C7-9DBF-E3C939EDBBD9}
	EndGlobalSection
EndGlobal
